{
  "name": "@stoe/uebersicht-nowplaying",
  "version": "3.3.1",
  "lockfileVersion": 2,
  "requires": true,
  "packages": {
    "": {
      "name": "@stoe/uebersicht-nowplaying",
      "version": "3.3.1",
      "license": "MIT",
      "engines": {
        "node": ">=14",
        "npm": ">=7"
      }
    }
  }
}
